<?xml version="1.0" encoding="utf-8"?>
<Project ToolsVersion="4.0" xmlns="http://schemas.microsoft.com/developer/msbuild/2003">
  <ItemGroup>
    <Filter Include="Game">
      <UniqueIdentifier>{9bec6264-cf3c-4a4e-b35c-6b15dca10a8a}</UniqueIdentifier>
    </Filter>
    <Filter Include="Game\MainWorld">
      <UniqueIdentifier>{c21a03eb-958b-41a9-9ba7-a4ad10e00298}</UniqueIdentifier>
    </Filter>
    <Filter Include="Game\MainWorld\EntityControllers">
      <UniqueIdentifier>{01c5e88f-e85e-4653-a543-8543a35c4275}</UniqueIdentifier>
    </Filter>
  </ItemGroup>
  <ItemGroup>
    <ClCompile Include="Game.cpp">
      <Filter>Game</Filter>
    </ClCompile>
    <ClCompile Include="MainWorld.cpp">
      <Filter>Game\MainWorld</Filter>
    </ClCompile>
    <ClCompile Include="Main.cpp" />
    <ClCompile Include="Camera.cpp">
      <Filter>Game\MainWorld</Filter>
    </ClCompile>
    <ClCompile Include="AnimationController.cpp">
      <Filter>Game\MainWorld\EntityControllers</Filter>
    </ClCompile>
    <ClCompile Include="PlayerMovementController.cpp">
      <Filter>Game\MainWorld\EntityControllers</Filter>
    </ClCompile>
    <ClCompile Include="PositionController.cpp">
      <Filter>Game\MainWorld\EntityControllers</Filter>
    </ClCompile>
    <ClCompile Include="StaticDrawController.cpp">
      <Filter>Game\MainWorld\EntityControllers</Filter>
    </ClCompile>
    <ClCompile Include="CollisionController.cpp">
      <Filter>Game\MainWorld\EntityControllers</Filter>
    </ClCompile>
    <ClCompile Include="ControllerFactory.cpp">
      <Filter>Game\MainWorld</Filter>
    </ClCompile>
    <ClCompile Include="Fader.cpp">
      <Filter>Game\MainWorld</Filter>
    </ClCompile>
    <ClCompile Include="Entity.cpp">
      <Filter>Game\MainWorld</Filter>
    </ClCompile>
    <ClCompile Include="ObstacleAnimationController.cpp">
      <Filter>Game\MainWorld\EntityControllers</Filter>
    </ClCompile>
  </ItemGroup>
  <ItemGroup>
    <ClInclude Include="Game.h">
      <Filter>Game</Filter>
    </ClInclude>
    <ClInclude Include="MainWorld.h">
      <Filter>Game\MainWorld</Filter>
    </ClInclude>
    <ClInclude Include="World.h">
      <Filter>Game</Filter>
    </ClInclude>
    <ClInclude Include="Camera.h">
      <Filter>Game\MainWorld</Filter>
    </ClInclude>
    <ClInclude Include="EntityController.h">
      <Filter>Game\MainWorld\EntityControllers</Filter>
    </ClInclude>
    <ClInclude Include="AnimationController.h">
      <Filter>Game\MainWorld\EntityControllers</Filter>
    </ClInclude>
    <ClInclude Include="PositionController.h">
      <Filter>Game\MainWorld\EntityControllers</Filter>
    </ClInclude>
    <ClInclude Include="StaticDrawController.h">
      <Filter>Game\MainWorld\EntityControllers</Filter>
    </ClInclude>
    <ClInclude Include="PlayerMovementController.h">
      <Filter>Game\MainWorld\EntityControllers</Filter>
    </ClInclude>
    <ClInclude Include="Entity.h">
      <Filter>Game\MainWorld</Filter>
    </ClInclude>
    <ClInclude Include="CollisionController.h">
      <Filter>Game\MainWorld\EntityControllers</Filter>
    </ClInclude>
    <ClInclude Include="ControllerFactory.h">
      <Filter>Game\MainWorld</Filter>
    </ClInclude>
    <ClInclude Include="Fader.h">
      <Filter>Game\MainWorld</Filter>
    </ClInclude>
    <ClInclude Include="ObstacleAnimationController.h">
      <Filter>Game\MainWorld\EntityControllers</Filter>
    </ClInclude>
  </ItemGroup>
  <ItemGroup>
    <None Include=".gitattributes" />
    <None Include=".gitignore" />
    <None Include="Readme.md" />
  </ItemGroup>
</Project>