<?xml version="1.0" encoding="utf-8"?>
<Project ToolsVersion="4.0" xmlns="http://schemas.microsoft.com/developer/msbuild/2003">
  <ItemGroup>
    <Filter Include="Game">
      <UniqueIdentifier>{9bec6264-cf3c-4a4e-b35c-6b15dca10a8a}</UniqueIdentifier>
    </Filter>
    <Filter Include="Renderer">
      <UniqueIdentifier>{68d1251a-3d2e-41f0-887a-c6dba8b19eb7}</UniqueIdentifier>
    </Filter>
    <Filter Include="Input">
      <UniqueIdentifier>{dfaeaf9a-7aa5-45f1-bf6b-d639984091d4}</UniqueIdentifier>
    </Filter>
    <Filter Include="EventSystem">
      <UniqueIdentifier>{e082fd8e-d6ec-42f7-bbb8-69946233fe3f}</UniqueIdentifier>
    </Filter>
    <Filter Include="Game\MainWorld">
      <UniqueIdentifier>{c21a03eb-958b-41a9-9ba7-a4ad10e00298}</UniqueIdentifier>
    </Filter>
    <Filter Include="Utility">
      <UniqueIdentifier>{8ec5fc94-564f-4bf2-9493-0a686194fd4a}</UniqueIdentifier>
    </Filter>
  </ItemGroup>
  <ItemGroup>
    <ClCompile Include="Event.cpp">
      <Filter>EventSystem</Filter>
    </ClCompile>
    <ClCompile Include="EventSystem.cpp">
      <Filter>EventSystem</Filter>
    </ClCompile>
    <ClCompile Include="Game.cpp">
      <Filter>Game</Filter>
    </ClCompile>
    <ClCompile Include="Input.cpp">
      <Filter>Input</Filter>
    </ClCompile>
    <ClCompile Include="InputEvent.cpp">
      <Filter>Input</Filter>
    </ClCompile>
    <ClCompile Include="MainWorld.cpp">
      <Filter>Game\MainWorld</Filter>
    </ClCompile>
    <ClCompile Include="MC.cpp">
      <Filter>Game\MainWorld</Filter>
    </ClCompile>
    <ClCompile Include="Renderer.cpp">
      <Filter>Renderer</Filter>
    </ClCompile>
    <ClCompile Include="Texture.cpp">
      <Filter>Renderer</Filter>
    </ClCompile>
    <ClCompile Include="WorldEntity.cpp">
      <Filter>Game\MainWorld</Filter>
    </ClCompile>
    <ClCompile Include="Main.cpp" />
    <ClCompile Include="Camera.cpp">
      <Filter>Game\MainWorld</Filter>
    </ClCompile>
    <ClCompile Include="Surface.cpp">
      <Filter>Renderer</Filter>
    </ClCompile>
    <ClCompile Include="TextureManager.cpp">
      <Filter>Utility</Filter>
    </ClCompile>
  </ItemGroup>
  <ItemGroup>
    <ClInclude Include="Entity.h">
      <Filter>Game</Filter>
    </ClInclude>
    <ClInclude Include="Event.h">
      <Filter>EventSystem</Filter>
    </ClInclude>
    <ClInclude Include="EventEnum.h">
      <Filter>EventSystem</Filter>
    </ClInclude>
    <ClInclude Include="EventSystem.h">
      <Filter>EventSystem</Filter>
    </ClInclude>
    <ClInclude Include="Game.h">
      <Filter>Game</Filter>
    </ClInclude>
    <ClInclude Include="Input.h">
      <Filter>Input</Filter>
    </ClInclude>
    <ClInclude Include="InputEvent.h">
      <Filter>Input</Filter>
    </ClInclude>
    <ClInclude Include="InputEventsEnum.h">
      <Filter>Input</Filter>
    </ClInclude>
    <ClInclude Include="MainWorld.h">
      <Filter>Game\MainWorld</Filter>
    </ClInclude>
    <ClInclude Include="MC.h">
      <Filter>Game\MainWorld</Filter>
    </ClInclude>
    <ClInclude Include="Renderer.h">
      <Filter>Renderer</Filter>
    </ClInclude>
    <ClInclude Include="Texture.h">
      <Filter>Renderer</Filter>
    </ClInclude>
    <ClInclude Include="World.h">
      <Filter>Game</Filter>
    </ClInclude>
    <ClInclude Include="WorldEntity.h">
      <Filter>Game\MainWorld</Filter>
    </ClInclude>
    <ClInclude Include="Camera.h">
      <Filter>Game\MainWorld</Filter>
    </ClInclude>
    <ClInclude Include="Surface.h">
      <Filter>Renderer</Filter>
    </ClInclude>
    <ClInclude Include="Position.h">
      <Filter>Utility</Filter>
    </ClInclude>
    <ClInclude Include="Rect.h">
      <Filter>Utility</Filter>
    </ClInclude>
    <ClInclude Include="Resolution.h">
      <Filter>Utility</Filter>
    </ClInclude>
    <ClInclude Include="TextureManager.h">
      <Filter>Utility</Filter>
    </ClInclude>
    <ClInclude Include="Utility.h">
      <Filter>Utility</Filter>
    </ClInclude>
  </ItemGroup>
  <ItemGroup>
    <Text Include="Readme.txt" />
  </ItemGroup>
  <ItemGroup>
    <None Include=".gitattributes" />
    <None Include=".gitignore" />
  </ItemGroup>
</Project>